// !$*UTF8*$!
{
	archiveVersion = 1;
	classes = {
	};
	objectVersion = 54;
	objects = {

/* Begin PBXBuildFile section */
		00E356F31AD99517003FC87E /* ReactNativeBasicTests.m in Sources */ = {isa = PBXBuildFile; fileRef = 00E356F21AD99517003FC87E /* ReactNativeBasicTests.m */; };
		12D3C9D5FEA0468BBFB4C488 /* Barlow-BlackItalic.ttf in Resources */ = {isa = PBXBuildFile; fileRef = A856816AB1124A57BBA50D9F /* Barlow-BlackItalic.ttf */; };
		13B07FBC1A68108700A75B9A /* AppDelegate.m in Sources */ = {isa = PBXBuildFile; fileRef = 13B07FB01A68108700A75B9A /* AppDelegate.m */; };
		13B07FBF1A68108700A75B9A /* Images.xcassets in Resources */ = {isa = PBXBuildFile; fileRef = 13B07FB51A68108700A75B9A /* Images.xcassets */; };
		13B07FC11A68108700A75B9A /* main.m in Sources */ = {isa = PBXBuildFile; fileRef = 13B07FB71A68108700A75B9A /* main.m */; };
		15D3465E7DDE40908BB1B189 /* Barlow-ExtraLight.ttf in Resources */ = {isa = PBXBuildFile; fileRef = C3A6D9BB5FF0428DB0BF59BA /* Barlow-ExtraLight.ttf */; };
		19D3333ED948493CA0DBF67E /* Raleway-Italic.ttf in Resources */ = {isa = PBXBuildFile; fileRef = B85F574CEE4C4CD1AA05E48C /* Raleway-Italic.ttf */; };
		1BBC7DAEE4314A9FBCA3963A /* Raleway-BoldItalic.ttf in Resources */ = {isa = PBXBuildFile; fileRef = 813B3DDFBB4E4DF3B4EFDADA /* Raleway-BoldItalic.ttf */; };
		2111E4C6628A96FB5B634D19 /* libPods-ReactNativeBasic-ReactNativeBasicTests.a in Frameworks */ = {isa = PBXBuildFile; fileRef = 52829C7286F2AC108541C3A1 /* libPods-ReactNativeBasic-ReactNativeBasicTests.a */; };
		22E3BD320665491DB3EA8767 /* Raleway-LightItalic.ttf in Resources */ = {isa = PBXBuildFile; fileRef = 23464F58F4294A6E9D30BDAA /* Raleway-LightItalic.ttf */; };
		231BF022D2304A7E9497F2A2 /* Raleway-ThinItalic.ttf in Resources */ = {isa = PBXBuildFile; fileRef = FEA2DDEA376C4996A1FBD134 /* Raleway-ThinItalic.ttf */; };
		3228DAF8E9144BF895ABFC71 /* Barlow-MediumItalic.ttf in Resources */ = {isa = PBXBuildFile; fileRef = EC7AB29F295547128ACA10CD /* Barlow-MediumItalic.ttf */; };
		39AD05C6E66444CEA9365790 /* Raleway-SemiBoldItalic.ttf in Resources */ = {isa = PBXBuildFile; fileRef = CA8BB5EECEE143A088ADD989 /* Raleway-SemiBoldItalic.ttf */; };
		3D9F18951E8F4D0DB47BAC2D /* Raleway-Bold.ttf in Resources */ = {isa = PBXBuildFile; fileRef = F654D08C6A5044FCBB044972 /* Raleway-Bold.ttf */; };
		434A8390A35343C59433F931 /* Raleway-ExtraLightItalic.ttf in Resources */ = {isa = PBXBuildFile; fileRef = 299F91A657894FFF978E8270 /* Raleway-ExtraLightItalic.ttf */; };
		45DFFD6797FD4CA99CF7AC87 /* Raleway-Light.ttf in Resources */ = {isa = PBXBuildFile; fileRef = CB9AA4CC6991486E85D220DB /* Raleway-Light.ttf */; };
		4FCEF87ED9604EF38DFE4761 /* Barlow-ThinItalic.ttf in Resources */ = {isa = PBXBuildFile; fileRef = 6276D32B68754B8AB25899C3 /* Barlow-ThinItalic.ttf */; };
		580AA81C9C004D8D82585250 /* Barlow-Light.ttf in Resources */ = {isa = PBXBuildFile; fileRef = B8D5AC99BE74405EAE212171 /* Barlow-Light.ttf */; };
		5CD26E0D3E404D988DE63A2D /* Raleway-Thin.ttf in Resources */ = {isa = PBXBuildFile; fileRef = 1B93DDFBE86A42E08300DCC5 /* Raleway-Thin.ttf */; };
		5DEF0B1CC0804B33BA555159 /* Barlow-Medium.ttf in Resources */ = {isa = PBXBuildFile; fileRef = 61B083D381FE4D3D9C36288B /* Barlow-Medium.ttf */; };
		5E5E78A90DF24C6B91E007F9 /* Raleway-ExtraLight.ttf in Resources */ = {isa = PBXBuildFile; fileRef = C185150ED55D4E5CB2CC845C /* Raleway-ExtraLight.ttf */; };
		669A9710E2B16B1E23276775 /* libPods-ReactNativeBasic.a in Frameworks */ = {isa = PBXBuildFile; fileRef = F53F98B068818A489AF3AFBD /* libPods-ReactNativeBasic.a */; };
		75E2ABF9AE71489F89B62A45 /* Raleway-Regular.ttf in Resources */ = {isa = PBXBuildFile; fileRef = 58BE267EBC7E472DB724A8AA /* Raleway-Regular.ttf */; };
		76E42180F86F411992246F6C /* Barlow-Thin.ttf in Resources */ = {isa = PBXBuildFile; fileRef = 66897CE8226E48D58A9EACC2 /* Barlow-Thin.ttf */; };
		7C81585C116B441F9151FC03 /* Barlow-BoldItalic.ttf in Resources */ = {isa = PBXBuildFile; fileRef = 14BE1B26B7254A3D90337116 /* Barlow-BoldItalic.ttf */; };
		80A74F3E4FDD48348BAF167C /* Raleway-ExtraBoldItalic.ttf in Resources */ = {isa = PBXBuildFile; fileRef = BEEAAD957C234507BF0B2AAF /* Raleway-ExtraBoldItalic.ttf */; };
		81AB9BB82411601600AC10FF /* LaunchScreen.storyboard in Resources */ = {isa = PBXBuildFile; fileRef = 81AB9BB72411601600AC10FF /* LaunchScreen.storyboard */; };
		8522A71EAEB948A6BD704C27 /* Barlow-SemiBoldItalic.ttf in Resources */ = {isa = PBXBuildFile; fileRef = 08F8E198DB894ECBA4B1DC41 /* Barlow-SemiBoldItalic.ttf */; };
		86CB62B13B134919914DE96F /* Barlow-Regular.ttf in Resources */ = {isa = PBXBuildFile; fileRef = BEEDB3E567514B0395C9E529 /* Barlow-Regular.ttf */; };
		8D454BA1DFF84012AB3C6070 /* Barlow-ExtraLightItalic.ttf in Resources */ = {isa = PBXBuildFile; fileRef = B479438AB52346FDBC022877 /* Barlow-ExtraLightItalic.ttf */; };
		8E87949E28D44476BB0AEBC3 /* Raleway-SemiBold.ttf in Resources */ = {isa = PBXBuildFile; fileRef = F9AA244508D24412A1CC2333 /* Raleway-SemiBold.ttf */; };
		A6F1B3B99ABC4349B8D56B9F /* Barlow-LightItalic.ttf in Resources */ = {isa = PBXBuildFile; fileRef = B2979D1FD2F2408999BB3412 /* Barlow-LightItalic.ttf */; };
		A8A61E6F6FFB437CA52A3F66 /* Raleway-Black.ttf in Resources */ = {isa = PBXBuildFile; fileRef = CAB0AAB442DD460787E986FB /* Raleway-Black.ttf */; };
		BFE42AFB13854EDC9654210A /* Barlow-Bold.ttf in Resources */ = {isa = PBXBuildFile; fileRef = 51894DFB6348415F9BD545B1 /* Barlow-Bold.ttf */; };
		C4592464DD254EABA38D50E7 /* Raleway-MediumItalic.ttf in Resources */ = {isa = PBXBuildFile; fileRef = 4DF8DBC216D54999964616CF /* Raleway-MediumItalic.ttf */; };
		CA95FC6560E54EAEA0BBE0B1 /* Barlow-Black.ttf in Resources */ = {isa = PBXBuildFile; fileRef = CDF6CBFC77A24A8683EA2D88 /* Barlow-Black.ttf */; };
		DE8C1B51567A47D497A3B15F /* Barlow-SemiBold.ttf in Resources */ = {isa = PBXBuildFile; fileRef = 3EE55A0BF761422192E1040E /* Barlow-SemiBold.ttf */; };
		E06289879861486B8D596A2B /* Barlow-Italic.ttf in Resources */ = {isa = PBXBuildFile; fileRef = B586F39340C44FCD902C0EEC /* Barlow-Italic.ttf */; };
		E256201279AC497CB4AAB884 /* Barlow-ExtraBold.ttf in Resources */ = {isa = PBXBuildFile; fileRef = 63694633FD304F82B43467CB /* Barlow-ExtraBold.ttf */; };
		EA3619A2344848958DDBEF18 /* Barlow-ExtraBoldItalic.ttf in Resources */ = {isa = PBXBuildFile; fileRef = 6027B94B4223434A8080B4E3 /* Barlow-ExtraBoldItalic.ttf */; };
		F34E36E064164D20AD3CDA1D /* Raleway-BlackItalic.ttf in Resources */ = {isa = PBXBuildFile; fileRef = B5444DF65F334D429B6D9FDE /* Raleway-BlackItalic.ttf */; };
		F34EF0CCDA3C43D2912356E9 /* Raleway-Medium.ttf in Resources */ = {isa = PBXBuildFile; fileRef = 11DB741DE3E1426D936178DF /* Raleway-Medium.ttf */; };
		FAAEA443A4094935956B1DBD /* Raleway-ExtraBold.ttf in Resources */ = {isa = PBXBuildFile; fileRef = 7E1AAF913528483BAFA4057E /* Raleway-ExtraBold.ttf */; };
/* End PBXBuildFile section */

/* Begin PBXContainerItemProxy section */
		00E356F41AD99517003FC87E /* PBXContainerItemProxy */ = {
			isa = PBXContainerItemProxy;
			containerPortal = 83CBB9F71A601CBA00E9B192 /* Project object */;
			proxyType = 1;
			remoteGlobalIDString = 13B07F861A680F5B00A75B9A;
			remoteInfo = ReactNativeBasic;
		};
/* End PBXContainerItemProxy section */

/* Begin PBXFileReference section */
		00E356EE1AD99517003FC87E /* ReactNativeBasicTests.xctest */ = {isa = PBXFileReference; explicitFileType = wrapper.cfbundle; includeInIndex = 0; path = ReactNativeBasicTests.xctest; sourceTree = BUILT_PRODUCTS_DIR; };
		00E356F11AD99517003FC87E /* Info.plist */ = {isa = PBXFileReference; lastKnownFileType = text.plist.xml; path = Info.plist; sourceTree = "<group>"; };
		00E356F21AD99517003FC87E /* ReactNativeBasicTests.m */ = {isa = PBXFileReference; lastKnownFileType = sourcecode.c.objc; path = ReactNativeBasicTests.m; sourceTree = "<group>"; };
		08F8E198DB894ECBA4B1DC41 /* Barlow-SemiBoldItalic.ttf */ = {isa = PBXFileReference; explicitFileType = undefined; fileEncoding = undefined; includeInIndex = 0; lastKnownFileType = unknown; name = "Barlow-SemiBoldItalic.ttf"; path = "../app/assets/fonts/Barlow-SemiBoldItalic.ttf"; sourceTree = "<group>"; };
		11DB741DE3E1426D936178DF /* Raleway-Medium.ttf */ = {isa = PBXFileReference; explicitFileType = undefined; fileEncoding = undefined; includeInIndex = 0; lastKnownFileType = unknown; name = "Raleway-Medium.ttf"; path = "../app/assets/fonts/Raleway-Medium.ttf"; sourceTree = "<group>"; };
		13B07F961A680F5B00A75B9A /* ReactNativeBasic.app */ = {isa = PBXFileReference; explicitFileType = wrapper.application; includeInIndex = 0; path = ReactNativeBasic.app; sourceTree = BUILT_PRODUCTS_DIR; };
		13B07FAF1A68108700A75B9A /* AppDelegate.h */ = {isa = PBXFileReference; fileEncoding = 4; lastKnownFileType = sourcecode.c.h; name = AppDelegate.h; path = ReactNativeBasic/AppDelegate.h; sourceTree = "<group>"; };
		13B07FB01A68108700A75B9A /* AppDelegate.m */ = {isa = PBXFileReference; fileEncoding = 4; lastKnownFileType = sourcecode.c.objc; name = AppDelegate.m; path = ReactNativeBasic/AppDelegate.m; sourceTree = "<group>"; };
		13B07FB51A68108700A75B9A /* Images.xcassets */ = {isa = PBXFileReference; lastKnownFileType = folder.assetcatalog; name = Images.xcassets; path = ReactNativeBasic/Images.xcassets; sourceTree = "<group>"; };
		13B07FB61A68108700A75B9A /* Info.plist */ = {isa = PBXFileReference; fileEncoding = 4; lastKnownFileType = text.plist.xml; name = Info.plist; path = ReactNativeBasic/Info.plist; sourceTree = "<group>"; };
		13B07FB71A68108700A75B9A /* main.m */ = {isa = PBXFileReference; fileEncoding = 4; lastKnownFileType = sourcecode.c.objc; name = main.m; path = ReactNativeBasic/main.m; sourceTree = "<group>"; };
		14BE1B26B7254A3D90337116 /* Barlow-BoldItalic.ttf */ = {isa = PBXFileReference; explicitFileType = undefined; fileEncoding = undefined; includeInIndex = 0; lastKnownFileType = unknown; name = "Barlow-BoldItalic.ttf"; path = "../app/assets/fonts/Barlow-BoldItalic.ttf"; sourceTree = "<group>"; };
		1B93DDFBE86A42E08300DCC5 /* Raleway-Thin.ttf */ = {isa = PBXFileReference; explicitFileType = undefined; fileEncoding = undefined; includeInIndex = 0; lastKnownFileType = unknown; name = "Raleway-Thin.ttf"; path = "../app/assets/fonts/Raleway-Thin.ttf"; sourceTree = "<group>"; };
		23464F58F4294A6E9D30BDAA /* Raleway-LightItalic.ttf */ = {isa = PBXFileReference; explicitFileType = undefined; fileEncoding = undefined; includeInIndex = 0; lastKnownFileType = unknown; name = "Raleway-LightItalic.ttf"; path = "../app/assets/fonts/Raleway-LightItalic.ttf"; sourceTree = "<group>"; };
		299F91A657894FFF978E8270 /* Raleway-ExtraLightItalic.ttf */ = {isa = PBXFileReference; explicitFileType = undefined; fileEncoding = undefined; includeInIndex = 0; lastKnownFileType = unknown; name = "Raleway-ExtraLightItalic.ttf"; path = "../app/assets/fonts/Raleway-ExtraLightItalic.ttf"; sourceTree = "<group>"; };
		3EE55A0BF761422192E1040E /* Barlow-SemiBold.ttf */ = {isa = PBXFileReference; explicitFileType = undefined; fileEncoding = undefined; includeInIndex = 0; lastKnownFileType = unknown; name = "Barlow-SemiBold.ttf"; path = "../app/assets/fonts/Barlow-SemiBold.ttf"; sourceTree = "<group>"; };
		419959B7F576D3AB16926D00 /* Pods-ReactNativeBasic.debug.xcconfig */ = {isa = PBXFileReference; includeInIndex = 1; lastKnownFileType = text.xcconfig; name = "Pods-ReactNativeBasic.debug.xcconfig"; path = "Target Support Files/Pods-ReactNativeBasic/Pods-ReactNativeBasic.debug.xcconfig"; sourceTree = "<group>"; };
		4DF8DBC216D54999964616CF /* Raleway-MediumItalic.ttf */ = {isa = PBXFileReference; explicitFileType = undefined; fileEncoding = undefined; includeInIndex = 0; lastKnownFileType = unknown; name = "Raleway-MediumItalic.ttf"; path = "../app/assets/fonts/Raleway-MediumItalic.ttf"; sourceTree = "<group>"; };
		51894DFB6348415F9BD545B1 /* Barlow-Bold.ttf */ = {isa = PBXFileReference; explicitFileType = undefined; fileEncoding = undefined; includeInIndex = 0; lastKnownFileType = unknown; name = "Barlow-Bold.ttf"; path = "../app/assets/fonts/Barlow-Bold.ttf"; sourceTree = "<group>"; };
		52829C7286F2AC108541C3A1 /* libPods-ReactNativeBasic-ReactNativeBasicTests.a */ = {isa = PBXFileReference; explicitFileType = archive.ar; includeInIndex = 0; path = "libPods-ReactNativeBasic-ReactNativeBasicTests.a"; sourceTree = BUILT_PRODUCTS_DIR; };
		58BE267EBC7E472DB724A8AA /* Raleway-Regular.ttf */ = {isa = PBXFileReference; explicitFileType = undefined; fileEncoding = undefined; includeInIndex = 0; lastKnownFileType = unknown; name = "Raleway-Regular.ttf"; path = "../app/assets/fonts/Raleway-Regular.ttf"; sourceTree = "<group>"; };
		6027B94B4223434A8080B4E3 /* Barlow-ExtraBoldItalic.ttf */ = {isa = PBXFileReference; explicitFileType = undefined; fileEncoding = undefined; includeInIndex = 0; lastKnownFileType = unknown; name = "Barlow-ExtraBoldItalic.ttf"; path = "../app/assets/fonts/Barlow-ExtraBoldItalic.ttf"; sourceTree = "<group>"; };
		61B083D381FE4D3D9C36288B /* Barlow-Medium.ttf */ = {isa = PBXFileReference; explicitFileType = undefined; fileEncoding = undefined; includeInIndex = 0; lastKnownFileType = unknown; name = "Barlow-Medium.ttf"; path = "../app/assets/fonts/Barlow-Medium.ttf"; sourceTree = "<group>"; };
		6276D32B68754B8AB25899C3 /* Barlow-ThinItalic.ttf */ = {isa = PBXFileReference; explicitFileType = undefined; fileEncoding = undefined; includeInIndex = 0; lastKnownFileType = unknown; name = "Barlow-ThinItalic.ttf"; path = "../app/assets/fonts/Barlow-ThinItalic.ttf"; sourceTree = "<group>"; };
		63694633FD304F82B43467CB /* Barlow-ExtraBold.ttf */ = {isa = PBXFileReference; explicitFileType = undefined; fileEncoding = undefined; includeInIndex = 0; lastKnownFileType = unknown; name = "Barlow-ExtraBold.ttf"; path = "../app/assets/fonts/Barlow-ExtraBold.ttf"; sourceTree = "<group>"; };
		66897CE8226E48D58A9EACC2 /* Barlow-Thin.ttf */ = {isa = PBXFileReference; explicitFileType = undefined; fileEncoding = undefined; includeInIndex = 0; lastKnownFileType = unknown; name = "Barlow-Thin.ttf"; path = "../app/assets/fonts/Barlow-Thin.ttf"; sourceTree = "<group>"; };
		7833F03EC60C279624367E6D /* Pods-ReactNativeBasic-ReactNativeBasicTests.debug.xcconfig */ = {isa = PBXFileReference; includeInIndex = 1; lastKnownFileType = text.xcconfig; name = "Pods-ReactNativeBasic-ReactNativeBasicTests.debug.xcconfig"; path = "Target Support Files/Pods-ReactNativeBasic-ReactNativeBasicTests/Pods-ReactNativeBasic-ReactNativeBasicTests.debug.xcconfig"; sourceTree = "<group>"; };
		7E1AAF913528483BAFA4057E /* Raleway-ExtraBold.ttf */ = {isa = PBXFileReference; explicitFileType = undefined; fileEncoding = undefined; includeInIndex = 0; lastKnownFileType = unknown; name = "Raleway-ExtraBold.ttf"; path = "../app/assets/fonts/Raleway-ExtraBold.ttf"; sourceTree = "<group>"; };
		813B3DDFBB4E4DF3B4EFDADA /* Raleway-BoldItalic.ttf */ = {isa = PBXFileReference; explicitFileType = undefined; fileEncoding = undefined; includeInIndex = 0; lastKnownFileType = unknown; name = "Raleway-BoldItalic.ttf"; path = "../app/assets/fonts/Raleway-BoldItalic.ttf"; sourceTree = "<group>"; };
		81AB9BB72411601600AC10FF /* LaunchScreen.storyboard */ = {isa = PBXFileReference; fileEncoding = 4; lastKnownFileType = file.storyboard; name = LaunchScreen.storyboard; path = ReactNativeBasic/LaunchScreen.storyboard; sourceTree = "<group>"; };
		8B70C7F49E1B169CC9327A18 /* Pods-ReactNativeBasic.release.xcconfig */ = {isa = PBXFileReference; includeInIndex = 1; lastKnownFileType = text.xcconfig; name = "Pods-ReactNativeBasic.release.xcconfig"; path = "Target Support Files/Pods-ReactNativeBasic/Pods-ReactNativeBasic.release.xcconfig"; sourceTree = "<group>"; };
		A856816AB1124A57BBA50D9F /* Barlow-BlackItalic.ttf */ = {isa = PBXFileReference; explicitFileType = undefined; fileEncoding = undefined; includeInIndex = 0; lastKnownFileType = unknown; name = "Barlow-BlackItalic.ttf"; path = "../app/assets/fonts/Barlow-BlackItalic.ttf"; sourceTree = "<group>"; };
		B2979D1FD2F2408999BB3412 /* Barlow-LightItalic.ttf */ = {isa = PBXFileReference; explicitFileType = undefined; fileEncoding = undefined; includeInIndex = 0; lastKnownFileType = unknown; name = "Barlow-LightItalic.ttf"; path = "../app/assets/fonts/Barlow-LightItalic.ttf"; sourceTree = "<group>"; };
		B479438AB52346FDBC022877 /* Barlow-ExtraLightItalic.ttf */ = {isa = PBXFileReference; explicitFileType = undefined; fileEncoding = undefined; includeInIndex = 0; lastKnownFileType = unknown; name = "Barlow-ExtraLightItalic.ttf"; path = "../app/assets/fonts/Barlow-ExtraLightItalic.ttf"; sourceTree = "<group>"; };
		B5444DF65F334D429B6D9FDE /* Raleway-BlackItalic.ttf */ = {isa = PBXFileReference; explicitFileType = undefined; fileEncoding = undefined; includeInIndex = 0; lastKnownFileType = unknown; name = "Raleway-BlackItalic.ttf"; path = "../app/assets/fonts/Raleway-BlackItalic.ttf"; sourceTree = "<group>"; };
		B586F39340C44FCD902C0EEC /* Barlow-Italic.ttf */ = {isa = PBXFileReference; explicitFileType = undefined; fileEncoding = undefined; includeInIndex = 0; lastKnownFileType = unknown; name = "Barlow-Italic.ttf"; path = "../app/assets/fonts/Barlow-Italic.ttf"; sourceTree = "<group>"; };
		B85F574CEE4C4CD1AA05E48C /* Raleway-Italic.ttf */ = {isa = PBXFileReference; explicitFileType = undefined; fileEncoding = undefined; includeInIndex = 0; lastKnownFileType = unknown; name = "Raleway-Italic.ttf"; path = "../app/assets/fonts/Raleway-Italic.ttf"; sourceTree = "<group>"; };
		B8D5AC99BE74405EAE212171 /* Barlow-Light.ttf */ = {isa = PBXFileReference; explicitFileType = undefined; fileEncoding = undefined; includeInIndex = 0; lastKnownFileType = unknown; name = "Barlow-Light.ttf"; path = "../app/assets/fonts/Barlow-Light.ttf"; sourceTree = "<group>"; };
		BEEAAD957C234507BF0B2AAF /* Raleway-ExtraBoldItalic.ttf */ = {isa = PBXFileReference; explicitFileType = undefined; fileEncoding = undefined; includeInIndex = 0; lastKnownFileType = unknown; name = "Raleway-ExtraBoldItalic.ttf"; path = "../app/assets/fonts/Raleway-ExtraBoldItalic.ttf"; sourceTree = "<group>"; };
		BEEDB3E567514B0395C9E529 /* Barlow-Regular.ttf */ = {isa = PBXFileReference; explicitFileType = undefined; fileEncoding = undefined; includeInIndex = 0; lastKnownFileType = unknown; name = "Barlow-Regular.ttf"; path = "../app/assets/fonts/Barlow-Regular.ttf"; sourceTree = "<group>"; };
		C185150ED55D4E5CB2CC845C /* Raleway-ExtraLight.ttf */ = {isa = PBXFileReference; explicitFileType = undefined; fileEncoding = undefined; includeInIndex = 0; lastKnownFileType = unknown; name = "Raleway-ExtraLight.ttf"; path = "../app/assets/fonts/Raleway-ExtraLight.ttf"; sourceTree = "<group>"; };
		C3A6D9BB5FF0428DB0BF59BA /* Barlow-ExtraLight.ttf */ = {isa = PBXFileReference; explicitFileType = undefined; fileEncoding = undefined; includeInIndex = 0; lastKnownFileType = unknown; name = "Barlow-ExtraLight.ttf"; path = "../app/assets/fonts/Barlow-ExtraLight.ttf"; sourceTree = "<group>"; };
		CA8BB5EECEE143A088ADD989 /* Raleway-SemiBoldItalic.ttf */ = {isa = PBXFileReference; explicitFileType = undefined; fileEncoding = undefined; includeInIndex = 0; lastKnownFileType = unknown; name = "Raleway-SemiBoldItalic.ttf"; path = "../app/assets/fonts/Raleway-SemiBoldItalic.ttf"; sourceTree = "<group>"; };
		CAB0AAB442DD460787E986FB /* Raleway-Black.ttf */ = {isa = PBXFileReference; explicitFileType = undefined; fileEncoding = undefined; includeInIndex = 0; lastKnownFileType = unknown; name = "Raleway-Black.ttf"; path = "../app/assets/fonts/Raleway-Black.ttf"; sourceTree = "<group>"; };
		CB9AA4CC6991486E85D220DB /* Raleway-Light.ttf */ = {isa = PBXFileReference; explicitFileType = undefined; fileEncoding = undefined; includeInIndex = 0; lastKnownFileType = unknown; name = "Raleway-Light.ttf"; path = "../app/assets/fonts/Raleway-Light.ttf"; sourceTree = "<group>"; };
		CDF6CBFC77A24A8683EA2D88 /* Barlow-Black.ttf */ = {isa = PBXFileReference; explicitFileType = undefined; fileEncoding = undefined; includeInIndex = 0; lastKnownFileType = unknown; name = "Barlow-Black.ttf"; path = "../app/assets/fonts/Barlow-Black.ttf"; sourceTree = "<group>"; };
		CE43741F735FBE2C436FDA1D /* Pods-ReactNativeBasic-ReactNativeBasicTests.release.xcconfig */ = {isa = PBXFileReference; includeInIndex = 1; lastKnownFileType = text.xcconfig; name = "Pods-ReactNativeBasic-ReactNativeBasicTests.release.xcconfig"; path = "Target Support Files/Pods-ReactNativeBasic-ReactNativeBasicTests/Pods-ReactNativeBasic-ReactNativeBasicTests.release.xcconfig"; sourceTree = "<group>"; };
		EC7AB29F295547128ACA10CD /* Barlow-MediumItalic.ttf */ = {isa = PBXFileReference; explicitFileType = undefined; fileEncoding = undefined; includeInIndex = 0; lastKnownFileType = unknown; name = "Barlow-MediumItalic.ttf"; path = "../app/assets/fonts/Barlow-MediumItalic.ttf"; sourceTree = "<group>"; };
		ED297162215061F000B7C4FE /* JavaScriptCore.framework */ = {isa = PBXFileReference; lastKnownFileType = wrapper.framework; name = JavaScriptCore.framework; path = System/Library/Frameworks/JavaScriptCore.framework; sourceTree = SDKROOT; };
		F53F98B068818A489AF3AFBD /* libPods-ReactNativeBasic.a */ = {isa = PBXFileReference; explicitFileType = archive.ar; includeInIndex = 0; path = "libPods-ReactNativeBasic.a"; sourceTree = BUILT_PRODUCTS_DIR; };
		F654D08C6A5044FCBB044972 /* Raleway-Bold.ttf */ = {isa = PBXFileReference; explicitFileType = undefined; fileEncoding = undefined; includeInIndex = 0; lastKnownFileType = unknown; name = "Raleway-Bold.ttf"; path = "../app/assets/fonts/Raleway-Bold.ttf"; sourceTree = "<group>"; };
		F9AA244508D24412A1CC2333 /* Raleway-SemiBold.ttf */ = {isa = PBXFileReference; explicitFileType = undefined; fileEncoding = undefined; includeInIndex = 0; lastKnownFileType = unknown; name = "Raleway-SemiBold.ttf"; path = "../app/assets/fonts/Raleway-SemiBold.ttf"; sourceTree = "<group>"; };
		FEA2DDEA376C4996A1FBD134 /* Raleway-ThinItalic.ttf */ = {isa = PBXFileReference; explicitFileType = undefined; fileEncoding = undefined; includeInIndex = 0; lastKnownFileType = unknown; name = "Raleway-ThinItalic.ttf"; path = "../app/assets/fonts/Raleway-ThinItalic.ttf"; sourceTree = "<group>"; };
/* End PBXFileReference section */

/* Begin PBXFrameworksBuildPhase section */
		00E356EB1AD99517003FC87E /* Frameworks */ = {
			isa = PBXFrameworksBuildPhase;
			buildActionMask = 2147483647;
			files = (
				2111E4C6628A96FB5B634D19 /* libPods-ReactNativeBasic-ReactNativeBasicTests.a in Frameworks */,
			);
			runOnlyForDeploymentPostprocessing = 0;
		};
		13B07F8C1A680F5B00A75B9A /* Frameworks */ = {
			isa = PBXFrameworksBuildPhase;
			buildActionMask = 2147483647;
			files = (
				669A9710E2B16B1E23276775 /* libPods-ReactNativeBasic.a in Frameworks */,
			);
			runOnlyForDeploymentPostprocessing = 0;
		};
/* End PBXFrameworksBuildPhase section */

/* Begin PBXGroup section */
		00E356EF1AD99517003FC87E /* ReactNativeBasicTests */ = {
			isa = PBXGroup;
			children = (
				00E356F21AD99517003FC87E /* ReactNativeBasicTests.m */,
				00E356F01AD99517003FC87E /* Supporting Files */,
			);
			path = ReactNativeBasicTests;
			sourceTree = "<group>";
		};
		00E356F01AD99517003FC87E /* Supporting Files */ = {
			isa = PBXGroup;
			children = (
				00E356F11AD99517003FC87E /* Info.plist */,
			);
			name = "Supporting Files";
			sourceTree = "<group>";
		};
		032855089008C7540E2D0BA6 /* Pods */ = {
			isa = PBXGroup;
			children = (
				419959B7F576D3AB16926D00 /* Pods-ReactNativeBasic.debug.xcconfig */,
				8B70C7F49E1B169CC9327A18 /* Pods-ReactNativeBasic.release.xcconfig */,
				7833F03EC60C279624367E6D /* Pods-ReactNativeBasic-ReactNativeBasicTests.debug.xcconfig */,
				CE43741F735FBE2C436FDA1D /* Pods-ReactNativeBasic-ReactNativeBasicTests.release.xcconfig */,
			);
			name = Pods;
			path = Pods;
			sourceTree = "<group>";
		};
		13B07FAE1A68108700A75B9A /* ReactNativeBasic */ = {
			isa = PBXGroup;
			children = (
				13B07FAF1A68108700A75B9A /* AppDelegate.h */,
				13B07FB01A68108700A75B9A /* AppDelegate.m */,
				13B07FB51A68108700A75B9A /* Images.xcassets */,
				13B07FB61A68108700A75B9A /* Info.plist */,
				81AB9BB72411601600AC10FF /* LaunchScreen.storyboard */,
				13B07FB71A68108700A75B9A /* main.m */,
			);
			name = ReactNativeBasic;
			sourceTree = "<group>";
		};
		2D16E6871FA4F8E400B85C8A /* Frameworks */ = {
			isa = PBXGroup;
			children = (
				ED297162215061F000B7C4FE /* JavaScriptCore.framework */,
				F53F98B068818A489AF3AFBD /* libPods-ReactNativeBasic.a */,
				52829C7286F2AC108541C3A1 /* libPods-ReactNativeBasic-ReactNativeBasicTests.a */,
			);
			name = Frameworks;
			sourceTree = "<group>";
		};
		4C1E2C71A0054281B2CC3171 /* Resources */ = {
			isa = PBXGroup;
			children = (
				CDF6CBFC77A24A8683EA2D88 /* Barlow-Black.ttf */,
				A856816AB1124A57BBA50D9F /* Barlow-BlackItalic.ttf */,
				51894DFB6348415F9BD545B1 /* Barlow-Bold.ttf */,
				14BE1B26B7254A3D90337116 /* Barlow-BoldItalic.ttf */,
				63694633FD304F82B43467CB /* Barlow-ExtraBold.ttf */,
				6027B94B4223434A8080B4E3 /* Barlow-ExtraBoldItalic.ttf */,
				C3A6D9BB5FF0428DB0BF59BA /* Barlow-ExtraLight.ttf */,
				B479438AB52346FDBC022877 /* Barlow-ExtraLightItalic.ttf */,
				B586F39340C44FCD902C0EEC /* Barlow-Italic.ttf */,
				B8D5AC99BE74405EAE212171 /* Barlow-Light.ttf */,
				B2979D1FD2F2408999BB3412 /* Barlow-LightItalic.ttf */,
				61B083D381FE4D3D9C36288B /* Barlow-Medium.ttf */,
				EC7AB29F295547128ACA10CD /* Barlow-MediumItalic.ttf */,
				BEEDB3E567514B0395C9E529 /* Barlow-Regular.ttf */,
				3EE55A0BF761422192E1040E /* Barlow-SemiBold.ttf */,
				08F8E198DB894ECBA4B1DC41 /* Barlow-SemiBoldItalic.ttf */,
				66897CE8226E48D58A9EACC2 /* Barlow-Thin.ttf */,
				6276D32B68754B8AB25899C3 /* Barlow-ThinItalic.ttf */,
				CAB0AAB442DD460787E986FB /* Raleway-Black.ttf */,
				B5444DF65F334D429B6D9FDE /* Raleway-BlackItalic.ttf */,
				F654D08C6A5044FCBB044972 /* Raleway-Bold.ttf */,
				813B3DDFBB4E4DF3B4EFDADA /* Raleway-BoldItalic.ttf */,
				7E1AAF913528483BAFA4057E /* Raleway-ExtraBold.ttf */,
				BEEAAD957C234507BF0B2AAF /* Raleway-ExtraBoldItalic.ttf */,
				C185150ED55D4E5CB2CC845C /* Raleway-ExtraLight.ttf */,
				299F91A657894FFF978E8270 /* Raleway-ExtraLightItalic.ttf */,
				B85F574CEE4C4CD1AA05E48C /* Raleway-Italic.ttf */,
				CB9AA4CC6991486E85D220DB /* Raleway-Light.ttf */,
				23464F58F4294A6E9D30BDAA /* Raleway-LightItalic.ttf */,
				11DB741DE3E1426D936178DF /* Raleway-Medium.ttf */,
				4DF8DBC216D54999964616CF /* Raleway-MediumItalic.ttf */,
				58BE267EBC7E472DB724A8AA /* Raleway-Regular.ttf */,
				F9AA244508D24412A1CC2333 /* Raleway-SemiBold.ttf */,
				CA8BB5EECEE143A088ADD989 /* Raleway-SemiBoldItalic.ttf */,
				1B93DDFBE86A42E08300DCC5 /* Raleway-Thin.ttf */,
				FEA2DDEA376C4996A1FBD134 /* Raleway-ThinItalic.ttf */,
			);
			name = Resources;
			path = "";
			sourceTree = "<group>";
		};
		832341AE1AAA6A7D00B99B32 /* Libraries */ = {
			isa = PBXGroup;
			children = (
			);
			name = Libraries;
			sourceTree = "<group>";
		};
		83CBB9F61A601CBA00E9B192 = {
			isa = PBXGroup;
			children = (
				13B07FAE1A68108700A75B9A /* ReactNativeBasic */,
				832341AE1AAA6A7D00B99B32 /* Libraries */,
				00E356EF1AD99517003FC87E /* ReactNativeBasicTests */,
				83CBBA001A601CBA00E9B192 /* Products */,
				2D16E6871FA4F8E400B85C8A /* Frameworks */,
				032855089008C7540E2D0BA6 /* Pods */,
				4C1E2C71A0054281B2CC3171 /* Resources */,
			);
			indentWidth = 2;
			sourceTree = "<group>";
			tabWidth = 2;
			usesTabs = 0;
		};
		83CBBA001A601CBA00E9B192 /* Products */ = {
			isa = PBXGroup;
			children = (
				13B07F961A680F5B00A75B9A /* ReactNativeBasic.app */,
				00E356EE1AD99517003FC87E /* ReactNativeBasicTests.xctest */,
			);
			name = Products;
			sourceTree = "<group>";
		};
/* End PBXGroup section */

/* Begin PBXNativeTarget section */
		00E356ED1AD99517003FC87E /* ReactNativeBasicTests */ = {
			isa = PBXNativeTarget;
			buildConfigurationList = 00E357021AD99517003FC87E /* Build configuration list for PBXNativeTarget "ReactNativeBasicTests" */;
			buildPhases = (
				3B50E5DE504CBFF428CC2DA3 /* [CP] Check Pods Manifest.lock */,
				00E356EA1AD99517003FC87E /* Sources */,
				00E356EB1AD99517003FC87E /* Frameworks */,
				00E356EC1AD99517003FC87E /* Resources */,
				2E7EEEB89880B19D79158AEF /* [CP] Embed Pods Frameworks */,
				1B24F7AA25AD06C44229F7C6 /* [CP] Copy Pods Resources */,
			);
			buildRules = (
			);
			dependencies = (
				00E356F51AD99517003FC87E /* PBXTargetDependency */,
			);
			name = ReactNativeBasicTests;
			productName = ReactNativeBasicTests;
			productReference = 00E356EE1AD99517003FC87E /* ReactNativeBasicTests.xctest */;
			productType = "com.apple.product-type.bundle.unit-test";
		};
		13B07F861A680F5B00A75B9A /* ReactNativeBasic */ = {
			isa = PBXNativeTarget;
			buildConfigurationList = 13B07F931A680F5B00A75B9A /* Build configuration list for PBXNativeTarget "ReactNativeBasic" */;
			buildPhases = (
				0BFA3AD48F4A71EC08F25ECA /* [CP] Check Pods Manifest.lock */,
				FD10A7F022414F080027D42C /* Start Packager */,
				13B07F871A680F5B00A75B9A /* Sources */,
				13B07F8C1A680F5B00A75B9A /* Frameworks */,
				13B07F8E1A680F5B00A75B9A /* Resources */,
				00DD1BFF1BD5951E006B06BC /* Bundle React Native code and images */,
				4CF95387586730D7598005B7 /* [CP] Embed Pods Frameworks */,
				FEBEE0F13553156344FFF50B /* [CP] Copy Pods Resources */,
			);
			buildRules = (
			);
			dependencies = (
			);
			name = ReactNativeBasic;
			productName = ReactNativeBasic;
			productReference = 13B07F961A680F5B00A75B9A /* ReactNativeBasic.app */;
			productType = "com.apple.product-type.application";
		};
/* End PBXNativeTarget section */

/* Begin PBXProject section */
		83CBB9F71A601CBA00E9B192 /* Project object */ = {
			isa = PBXProject;
			attributes = {
				LastUpgradeCheck = 1210;
				TargetAttributes = {
					00E356ED1AD99517003FC87E = {
						CreatedOnToolsVersion = 6.2;
						TestTargetID = 13B07F861A680F5B00A75B9A;
					};
					13B07F861A680F5B00A75B9A = {
						LastSwiftMigration = 1120;
					};
				};
			};
			buildConfigurationList = 83CBB9FA1A601CBA00E9B192 /* Build configuration list for PBXProject "ReactNativeBasic" */;
			compatibilityVersion = "Xcode 12.0";
			developmentRegion = en;
			hasScannedForEncodings = 0;
			knownRegions = (
				en,
				Base,
			);
			mainGroup = 83CBB9F61A601CBA00E9B192;
			productRefGroup = 83CBBA001A601CBA00E9B192 /* Products */;
			projectDirPath = "";
			projectRoot = "";
			targets = (
				13B07F861A680F5B00A75B9A /* ReactNativeBasic */,
				00E356ED1AD99517003FC87E /* ReactNativeBasicTests */,
			);
		};
/* End PBXProject section */

/* Begin PBXResourcesBuildPhase section */
		00E356EC1AD99517003FC87E /* Resources */ = {
			isa = PBXResourcesBuildPhase;
			buildActionMask = 2147483647;
			files = (
			);
			runOnlyForDeploymentPostprocessing = 0;
		};
		13B07F8E1A680F5B00A75B9A /* Resources */ = {
			isa = PBXResourcesBuildPhase;
			buildActionMask = 2147483647;
			files = (
				81AB9BB82411601600AC10FF /* LaunchScreen.storyboard in Resources */,
				13B07FBF1A68108700A75B9A /* Images.xcassets in Resources */,
				CA95FC6560E54EAEA0BBE0B1 /* Barlow-Black.ttf in Resources */,
				12D3C9D5FEA0468BBFB4C488 /* Barlow-BlackItalic.ttf in Resources */,
				BFE42AFB13854EDC9654210A /* Barlow-Bold.ttf in Resources */,
				7C81585C116B441F9151FC03 /* Barlow-BoldItalic.ttf in Resources */,
				E256201279AC497CB4AAB884 /* Barlow-ExtraBold.ttf in Resources */,
				EA3619A2344848958DDBEF18 /* Barlow-ExtraBoldItalic.ttf in Resources */,
				15D3465E7DDE40908BB1B189 /* Barlow-ExtraLight.ttf in Resources */,
				8D454BA1DFF84012AB3C6070 /* Barlow-ExtraLightItalic.ttf in Resources */,
				E06289879861486B8D596A2B /* Barlow-Italic.ttf in Resources */,
				580AA81C9C004D8D82585250 /* Barlow-Light.ttf in Resources */,
				A6F1B3B99ABC4349B8D56B9F /* Barlow-LightItalic.ttf in Resources */,
				5DEF0B1CC0804B33BA555159 /* Barlow-Medium.ttf in Resources */,
				3228DAF8E9144BF895ABFC71 /* Barlow-MediumItalic.ttf in Resources */,
				86CB62B13B134919914DE96F /* Barlow-Regular.ttf in Resources */,
				DE8C1B51567A47D497A3B15F /* Barlow-SemiBold.ttf in Resources */,
				8522A71EAEB948A6BD704C27 /* Barlow-SemiBoldItalic.ttf in Resources */,
				76E42180F86F411992246F6C /* Barlow-Thin.ttf in Resources */,
				4FCEF87ED9604EF38DFE4761 /* Barlow-ThinItalic.ttf in Resources */,
				A8A61E6F6FFB437CA52A3F66 /* Raleway-Black.ttf in Resources */,
				F34E36E064164D20AD3CDA1D /* Raleway-BlackItalic.ttf in Resources */,
				3D9F18951E8F4D0DB47BAC2D /* Raleway-Bold.ttf in Resources */,
				1BBC7DAEE4314A9FBCA3963A /* Raleway-BoldItalic.ttf in Resources */,
				FAAEA443A4094935956B1DBD /* Raleway-ExtraBold.ttf in Resources */,
				80A74F3E4FDD48348BAF167C /* Raleway-ExtraBoldItalic.ttf in Resources */,
				5E5E78A90DF24C6B91E007F9 /* Raleway-ExtraLight.ttf in Resources */,
				434A8390A35343C59433F931 /* Raleway-ExtraLightItalic.ttf in Resources */,
				19D3333ED948493CA0DBF67E /* Raleway-Italic.ttf in Resources */,
				45DFFD6797FD4CA99CF7AC87 /* Raleway-Light.ttf in Resources */,
				22E3BD320665491DB3EA8767 /* Raleway-LightItalic.ttf in Resources */,
				F34EF0CCDA3C43D2912356E9 /* Raleway-Medium.ttf in Resources */,
				C4592464DD254EABA38D50E7 /* Raleway-MediumItalic.ttf in Resources */,
				75E2ABF9AE71489F89B62A45 /* Raleway-Regular.ttf in Resources */,
				8E87949E28D44476BB0AEBC3 /* Raleway-SemiBold.ttf in Resources */,
				39AD05C6E66444CEA9365790 /* Raleway-SemiBoldItalic.ttf in Resources */,
				5CD26E0D3E404D988DE63A2D /* Raleway-Thin.ttf in Resources */,
				231BF022D2304A7E9497F2A2 /* Raleway-ThinItalic.ttf in Resources */,
			);
			runOnlyForDeploymentPostprocessing = 0;
		};
/* End PBXResourcesBuildPhase section */

/* Begin PBXShellScriptBuildPhase section */
		00DD1BFF1BD5951E006B06BC /* Bundle React Native code and images */ = {
			isa = PBXShellScriptBuildPhase;
			buildActionMask = 2147483647;
			files = (
			);
			inputPaths = (
			);
			name = "Bundle React Native code and images";
			outputPaths = (
			);
			runOnlyForDeploymentPostprocessing = 0;
			shellPath = /bin/sh;
			shellScript = "set -e\n\nexport NODE_BINARY=node\n../node_modules/react-native/scripts/react-native-xcode.sh\n";
		};
		0BFA3AD48F4A71EC08F25ECA /* [CP] Check Pods Manifest.lock */ = {
			isa = PBXShellScriptBuildPhase;
			buildActionMask = 2147483647;
			files = (
			);
			inputFileListPaths = (
			);
			inputPaths = (
				"${PODS_PODFILE_DIR_PATH}/Podfile.lock",
				"${PODS_ROOT}/Manifest.lock",
			);
			name = "[CP] Check Pods Manifest.lock";
			outputFileListPaths = (
			);
			outputPaths = (
				"$(DERIVED_FILE_DIR)/Pods-ReactNativeBasic-checkManifestLockResult.txt",
			);
			runOnlyForDeploymentPostprocessing = 0;
			shellPath = /bin/sh;
			shellScript = "diff \"${PODS_PODFILE_DIR_PATH}/Podfile.lock\" \"${PODS_ROOT}/Manifest.lock\" > /dev/null\nif [ $? != 0 ] ; then\n    # print error to STDERR\n    echo \"error: The sandbox is not in sync with the Podfile.lock. Run 'pod install' or update your CocoaPods installation.\" >&2\n    exit 1\nfi\n# This output is used by Xcode 'outputs' to avoid re-running this script phase.\necho \"SUCCESS\" > \"${SCRIPT_OUTPUT_FILE_0}\"\n";
			showEnvVarsInLog = 0;
		};
		1B24F7AA25AD06C44229F7C6 /* [CP] Copy Pods Resources */ = {
			isa = PBXShellScriptBuildPhase;
			buildActionMask = 2147483647;
			files = (
			);
			inputFileListPaths = (
				"${PODS_ROOT}/Target Support Files/Pods-ReactNativeBasic-ReactNativeBasicTests/Pods-ReactNativeBasic-ReactNativeBasicTests-resources-${CONFIGURATION}-input-files.xcfilelist",
			);
			name = "[CP] Copy Pods Resources";
			outputFileListPaths = (
				"${PODS_ROOT}/Target Support Files/Pods-ReactNativeBasic-ReactNativeBasicTests/Pods-ReactNativeBasic-ReactNativeBasicTests-resources-${CONFIGURATION}-output-files.xcfilelist",
			);
			runOnlyForDeploymentPostprocessing = 0;
			shellPath = /bin/sh;
			shellScript = "\"${PODS_ROOT}/Target Support Files/Pods-ReactNativeBasic-ReactNativeBasicTests/Pods-ReactNativeBasic-ReactNativeBasicTests-resources.sh\"\n";
			showEnvVarsInLog = 0;
		};
		2E7EEEB89880B19D79158AEF /* [CP] Embed Pods Frameworks */ = {
			isa = PBXShellScriptBuildPhase;
			buildActionMask = 2147483647;
			files = (
			);
			inputFileListPaths = (
				"${PODS_ROOT}/Target Support Files/Pods-ReactNativeBasic-ReactNativeBasicTests/Pods-ReactNativeBasic-ReactNativeBasicTests-frameworks-${CONFIGURATION}-input-files.xcfilelist",
			);
			name = "[CP] Embed Pods Frameworks";
			outputFileListPaths = (
				"${PODS_ROOT}/Target Support Files/Pods-ReactNativeBasic-ReactNativeBasicTests/Pods-ReactNativeBasic-ReactNativeBasicTests-frameworks-${CONFIGURATION}-output-files.xcfilelist",
			);
			runOnlyForDeploymentPostprocessing = 0;
			shellPath = /bin/sh;
			shellScript = "\"${PODS_ROOT}/Target Support Files/Pods-ReactNativeBasic-ReactNativeBasicTests/Pods-ReactNativeBasic-ReactNativeBasicTests-frameworks.sh\"\n";
			showEnvVarsInLog = 0;
		};
		3B50E5DE504CBFF428CC2DA3 /* [CP] Check Pods Manifest.lock */ = {
			isa = PBXShellScriptBuildPhase;
			buildActionMask = 2147483647;
			files = (
			);
			inputFileListPaths = (
			);
			inputPaths = (
				"${PODS_PODFILE_DIR_PATH}/Podfile.lock",
				"${PODS_ROOT}/Manifest.lock",
			);
			name = "[CP] Check Pods Manifest.lock";
			outputFileListPaths = (
			);
			outputPaths = (
				"$(DERIVED_FILE_DIR)/Pods-ReactNativeBasic-ReactNativeBasicTests-checkManifestLockResult.txt",
			);
			runOnlyForDeploymentPostprocessing = 0;
			shellPath = /bin/sh;
			shellScript = "diff \"${PODS_PODFILE_DIR_PATH}/Podfile.lock\" \"${PODS_ROOT}/Manifest.lock\" > /dev/null\nif [ $? != 0 ] ; then\n    # print error to STDERR\n    echo \"error: The sandbox is not in sync with the Podfile.lock. Run 'pod install' or update your CocoaPods installation.\" >&2\n    exit 1\nfi\n# This output is used by Xcode 'outputs' to avoid re-running this script phase.\necho \"SUCCESS\" > \"${SCRIPT_OUTPUT_FILE_0}\"\n";
			showEnvVarsInLog = 0;
		};
		4CF95387586730D7598005B7 /* [CP] Embed Pods Frameworks */ = {
			isa = PBXShellScriptBuildPhase;
			buildActionMask = 2147483647;
			files = (
			);
			inputFileListPaths = (
				"${PODS_ROOT}/Target Support Files/Pods-ReactNativeBasic/Pods-ReactNativeBasic-frameworks-${CONFIGURATION}-input-files.xcfilelist",
			);
			name = "[CP] Embed Pods Frameworks";
			outputFileListPaths = (
				"${PODS_ROOT}/Target Support Files/Pods-ReactNativeBasic/Pods-ReactNativeBasic-frameworks-${CONFIGURATION}-output-files.xcfilelist",
			);
			runOnlyForDeploymentPostprocessing = 0;
			shellPath = /bin/sh;
			shellScript = "\"${PODS_ROOT}/Target Support Files/Pods-ReactNativeBasic/Pods-ReactNativeBasic-frameworks.sh\"\n";
			showEnvVarsInLog = 0;
		};
		FD10A7F022414F080027D42C /* Start Packager */ = {
			isa = PBXShellScriptBuildPhase;
			buildActionMask = 2147483647;
			files = (
			);
			inputFileListPaths = (
			);
			inputPaths = (
			);
			name = "Start Packager";
			outputFileListPaths = (
			);
			outputPaths = (
			);
			runOnlyForDeploymentPostprocessing = 0;
			shellPath = /bin/sh;
			shellScript = "export RCT_METRO_PORT=\"${RCT_METRO_PORT:=8081}\"\necho \"export RCT_METRO_PORT=${RCT_METRO_PORT}\" > \"${SRCROOT}/../node_modules/react-native/scripts/.packager.env\"\nif [ -z \"${RCT_NO_LAUNCH_PACKAGER+xxx}\" ] ; then\n  if nc -w 5 -z localhost ${RCT_METRO_PORT} ; then\n    if ! curl -s \"http://localhost:${RCT_METRO_PORT}/status\" | grep -q \"packager-status:running\" ; then\n      echo \"Port ${RCT_METRO_PORT} already in use, packager is either not running or not running correctly\"\n      exit 2\n    fi\n  else\n    open \"$SRCROOT/../node_modules/react-native/scripts/launchPackager.command\" || echo \"Can't start packager automatically\"\n  fi\nfi\n";
			showEnvVarsInLog = 0;
		};
		FEBEE0F13553156344FFF50B /* [CP] Copy Pods Resources */ = {
			isa = PBXShellScriptBuildPhase;
			buildActionMask = 2147483647;
			files = (
			);
			inputFileListPaths = (
				"${PODS_ROOT}/Target Support Files/Pods-ReactNativeBasic/Pods-ReactNativeBasic-resources-${CONFIGURATION}-input-files.xcfilelist",
			);
			name = "[CP] Copy Pods Resources";
			outputFileListPaths = (
				"${PODS_ROOT}/Target Support Files/Pods-ReactNativeBasic/Pods-ReactNativeBasic-resources-${CONFIGURATION}-output-files.xcfilelist",
			);
			runOnlyForDeploymentPostprocessing = 0;
			shellPath = /bin/sh;
			shellScript = "\"${PODS_ROOT}/Target Support Files/Pods-ReactNativeBasic/Pods-ReactNativeBasic-resources.sh\"\n";
			showEnvVarsInLog = 0;
		};
/* End PBXShellScriptBuildPhase section */

/* Begin PBXSourcesBuildPhase section */
		00E356EA1AD99517003FC87E /* Sources */ = {
			isa = PBXSourcesBuildPhase;
			buildActionMask = 2147483647;
			files = (
				00E356F31AD99517003FC87E /* ReactNativeBasicTests.m in Sources */,
			);
			runOnlyForDeploymentPostprocessing = 0;
		};
		13B07F871A680F5B00A75B9A /* Sources */ = {
			isa = PBXSourcesBuildPhase;
			buildActionMask = 2147483647;
			files = (
				13B07FBC1A68108700A75B9A /* AppDelegate.m in Sources */,
				13B07FC11A68108700A75B9A /* main.m in Sources */,
			);
			runOnlyForDeploymentPostprocessing = 0;
		};
/* End PBXSourcesBuildPhase section */

/* Begin PBXTargetDependency section */
		00E356F51AD99517003FC87E /* PBXTargetDependency */ = {
			isa = PBXTargetDependency;
			target = 13B07F861A680F5B00A75B9A /* ReactNativeBasic */;
			targetProxy = 00E356F41AD99517003FC87E /* PBXContainerItemProxy */;
		};
/* End PBXTargetDependency section */

/* Begin XCBuildConfiguration section */
		00E356F61AD99517003FC87E /* Debug */ = {
			isa = XCBuildConfiguration;
			baseConfigurationReference = 7833F03EC60C279624367E6D /* Pods-ReactNativeBasic-ReactNativeBasicTests.debug.xcconfig */;
			buildSettings = {
				BUNDLE_LOADER = "$(TEST_HOST)";
				GCC_PREPROCESSOR_DEFINITIONS = (
					"DEBUG=1",
					"$(inherited)",
				);
				INFOPLIST_FILE = ReactNativeBasicTests/Info.plist;
				IPHONEOS_DEPLOYMENT_TARGET = 10.0;
				LD_RUNPATH_SEARCH_PATHS = (
					"$(inherited)",
					"@executable_path/Frameworks",
					"@loader_path/Frameworks",
				);
				OTHER_LDFLAGS = (
					"-ObjC",
					"-lc++",
					"$(inherited)",
				);
				PRODUCT_BUNDLE_IDENTIFIER = "org.reactjs.native.example.$(PRODUCT_NAME:rfc1034identifier)";
				PRODUCT_NAME = "$(TARGET_NAME)";
				TEST_HOST = "$(BUILT_PRODUCTS_DIR)/ReactNativeBasic.app/ReactNativeBasic";
			};
			name = Debug;
		};
		00E356F71AD99517003FC87E /* Release */ = {
			isa = XCBuildConfiguration;
			baseConfigurationReference = CE43741F735FBE2C436FDA1D /* Pods-ReactNativeBasic-ReactNativeBasicTests.release.xcconfig */;
			buildSettings = {
				BUNDLE_LOADER = "$(TEST_HOST)";
				COPY_PHASE_STRIP = NO;
				INFOPLIST_FILE = ReactNativeBasicTests/Info.plist;
				IPHONEOS_DEPLOYMENT_TARGET = 10.0;
				LD_RUNPATH_SEARCH_PATHS = (
					"$(inherited)",
					"@executable_path/Frameworks",
					"@loader_path/Frameworks",
				);
				OTHER_LDFLAGS = (
					"-ObjC",
					"-lc++",
					"$(inherited)",
				);
				PRODUCT_BUNDLE_IDENTIFIER = "org.reactjs.native.example.$(PRODUCT_NAME:rfc1034identifier)";
				PRODUCT_NAME = "$(TARGET_NAME)";
				TEST_HOST = "$(BUILT_PRODUCTS_DIR)/ReactNativeBasic.app/ReactNativeBasic";
			};
			name = Release;
		};
		13B07F941A680F5B00A75B9A /* Debug */ = {
			isa = XCBuildConfiguration;
			baseConfigurationReference = 419959B7F576D3AB16926D00 /* Pods-ReactNativeBasic.debug.xcconfig */;
			buildSettings = {
				ASSETCATALOG_COMPILER_APPICON_NAME = AppIcon;
				CLANG_ENABLE_MODULES = YES;
				CURRENT_PROJECT_VERSION = 1;
				ENABLE_BITCODE = NO;
				INFOPLIST_FILE = ReactNativeBasic/Info.plist;
				LD_RUNPATH_SEARCH_PATHS = (
					"$(inherited)",
					"@executable_path/Frameworks",
				);
				OTHER_LDFLAGS = (
					"$(inherited)",
					"-ObjC",
					"-lc++",
				);
				PRODUCT_BUNDLE_IDENTIFIER = "org.reactjs.native.example.$(PRODUCT_NAME:rfc1034identifier)";
				PRODUCT_NAME = ReactNativeBasic;
				SWIFT_OPTIMIZATION_LEVEL = "-Onone";
				SWIFT_VERSION = 5.0;
				VERSIONING_SYSTEM = "apple-generic";
			};
			name = Debug;
		};
		13B07F951A680F5B00A75B9A /* Release */ = {
			isa = XCBuildConfiguration;
			baseConfigurationReference = 8B70C7F49E1B169CC9327A18 /* Pods-ReactNativeBasic.release.xcconfig */;
			buildSettings = {
				ASSETCATALOG_COMPILER_APPICON_NAME = AppIcon;
				CLANG_ENABLE_MODULES = YES;
				CURRENT_PROJECT_VERSION = 1;
				INFOPLIST_FILE = ReactNativeBasic/Info.plist;
				LD_RUNPATH_SEARCH_PATHS = (
					"$(inherited)",
					"@executable_path/Frameworks",
				);
				OTHER_LDFLAGS = (
					"$(inherited)",
					"-ObjC",
					"-lc++",
				);
				PRODUCT_BUNDLE_IDENTIFIER = "org.reactjs.native.example.$(PRODUCT_NAME:rfc1034identifier)";
				PRODUCT_NAME = ReactNativeBasic;
				SWIFT_VERSION = 5.0;
				VERSIONING_SYSTEM = "apple-generic";
			};
			name = Release;
		};
		83CBBA201A601CBA00E9B192 /* Debug */ = {
			isa = XCBuildConfiguration;
			buildSettings = {
				ALWAYS_SEARCH_USER_PATHS = NO;
				CLANG_ANALYZER_LOCALIZABILITY_NONLOCALIZED = YES;
				CLANG_CXX_LANGUAGE_STANDARD = "gnu++0x";
				CLANG_CXX_LIBRARY = "libc++";
				CLANG_ENABLE_MODULES = YES;
				CLANG_ENABLE_OBJC_ARC = YES;
				CLANG_WARN_BLOCK_CAPTURE_AUTORELEASING = YES;
				CLANG_WARN_BOOL_CONVERSION = YES;
				CLANG_WARN_COMMA = YES;
				CLANG_WARN_CONSTANT_CONVERSION = YES;
				CLANG_WARN_DEPRECATED_OBJC_IMPLEMENTATIONS = YES;
				CLANG_WARN_DIRECT_OBJC_ISA_USAGE = YES_ERROR;
				CLANG_WARN_EMPTY_BODY = YES;
				CLANG_WARN_ENUM_CONVERSION = YES;
				CLANG_WARN_INFINITE_RECURSION = YES;
				CLANG_WARN_INT_CONVERSION = YES;
				CLANG_WARN_NON_LITERAL_NULL_CONVERSION = YES;
				CLANG_WARN_OBJC_IMPLICIT_RETAIN_SELF = YES;
				CLANG_WARN_OBJC_LITERAL_CONVERSION = YES;
				CLANG_WARN_OBJC_ROOT_CLASS = YES_ERROR;
				CLANG_WARN_QUOTED_INCLUDE_IN_FRAMEWORK_HEADER = YES;
				CLANG_WARN_RANGE_LOOP_ANALYSIS = YES;
				CLANG_WARN_STRICT_PROTOTYPES = YES;
				CLANG_WARN_SUSPICIOUS_MOVE = YES;
				CLANG_WARN_UNREACHABLE_CODE = YES;
				CLANG_WARN__DUPLICATE_METHOD_MATCH = YES;
				"CODE_SIGN_IDENTITY[sdk=iphoneos*]" = "iPhone Developer";
				COPY_PHASE_STRIP = NO;
				ENABLE_STRICT_OBJC_MSGSEND = YES;
				ENABLE_TESTABILITY = YES;
				"EXCLUDED_ARCHS[sdk=iphonesimulator*]" = "arm64 ";
				GCC_C_LANGUAGE_STANDARD = gnu99;
				GCC_DYNAMIC_NO_PIC = NO;
				GCC_NO_COMMON_BLOCKS = YES;
				GCC_OPTIMIZATION_LEVEL = 0;
				GCC_PREPROCESSOR_DEFINITIONS = (
					"DEBUG=1",
					"$(inherited)",
				);
				GCC_SYMBOLS_PRIVATE_EXTERN = NO;
				GCC_WARN_64_TO_32_BIT_CONVERSION = YES;
				GCC_WARN_ABOUT_RETURN_TYPE = YES_ERROR;
				GCC_WARN_UNDECLARED_SELECTOR = YES;
				GCC_WARN_UNINITIALIZED_AUTOS = YES_AGGRESSIVE;
				GCC_WARN_UNUSED_FUNCTION = YES;
				GCC_WARN_UNUSED_VARIABLE = YES;
				IPHONEOS_DEPLOYMENT_TARGET = 10.0;
				LD_RUNPATH_SEARCH_PATHS = (
					/usr/lib/swift,
					"$(inherited)",
				);
				LIBRARY_SEARCH_PATHS = (
					"\"$(TOOLCHAIN_DIR)/usr/lib/swift/$(PLATFORM_NAME)\"",
					"\"$(TOOLCHAIN_DIR)/usr/lib/swift-5.0/$(PLATFORM_NAME)\"",
					"\"$(inherited)\"",
				);
				MTL_ENABLE_DEBUG_INFO = YES;
				ONLY_ACTIVE_ARCH = YES;
				SDKROOT = iphoneos;
			};
			name = Debug;
		};
		83CBBA211A601CBA00E9B192 /* Release */ = {
			isa = XCBuildConfiguration;
			buildSettings = {
				ALWAYS_SEARCH_USER_PATHS = NO;
				CLANG_ANALYZER_LOCALIZABILITY_NONLOCALIZED = YES;
				CLANG_CXX_LANGUAGE_STANDARD = "gnu++0x";
				CLANG_CXX_LIBRARY = "libc++";
				CLANG_ENABLE_MODULES = YES;
				CLANG_ENABLE_OBJC_ARC = YES;
				CLANG_WARN_BLOCK_CAPTURE_AUTORELEASING = YES;
				CLANG_WARN_BOOL_CONVERSION = YES;
				CLANG_WARN_COMMA = YES;
				CLANG_WARN_CONSTANT_CONVERSION = YES;
				CLANG_WARN_DEPRECATED_OBJC_IMPLEMENTATIONS = YES;
				CLANG_WARN_DIRECT_OBJC_ISA_USAGE = YES_ERROR;
				CLANG_WARN_EMPTY_BODY = YES;
				CLANG_WARN_ENUM_CONVERSION = YES;
				CLANG_WARN_INFINITE_RECURSION = YES;
				CLANG_WARN_INT_CONVERSION = YES;
				CLANG_WARN_NON_LITERAL_NULL_CONVERSION = YES;
				CLANG_WARN_OBJC_IMPLICIT_RETAIN_SELF = YES;
				CLANG_WARN_OBJC_LITERAL_CONVERSION = YES;
				CLANG_WARN_OBJC_ROOT_CLASS = YES_ERROR;
				CLANG_WARN_QUOTED_INCLUDE_IN_FRAMEWORK_HEADER = YES;
				CLANG_WARN_RANGE_LOOP_ANALYSIS = YES;
				CLANG_WARN_STRICT_PROTOTYPES = YES;
				CLANG_WARN_SUSPICIOUS_MOVE = YES;
				CLANG_WARN_UNREACHABLE_CODE = YES;
				CLANG_WARN__DUPLICATE_METHOD_MATCH = YES;
				"CODE_SIGN_IDENTITY[sdk=iphoneos*]" = "iPhone Developer";
				COPY_PHASE_STRIP = YES;
				ENABLE_NS_ASSERTIONS = NO;
				ENABLE_STRICT_OBJC_MSGSEND = YES;
				"EXCLUDED_ARCHS[sdk=iphonesimulator*]" = "arm64 ";
				GCC_C_LANGUAGE_STANDARD = gnu99;
				GCC_NO_COMMON_BLOCKS = YES;
				GCC_WARN_64_TO_32_BIT_CONVERSION = YES;
				GCC_WARN_ABOUT_RETURN_TYPE = YES_ERROR;
				GCC_WARN_UNDECLARED_SELECTOR = YES;
				GCC_WARN_UNINITIALIZED_AUTOS = YES_AGGRESSIVE;
				GCC_WARN_UNUSED_FUNCTION = YES;
				GCC_WARN_UNUSED_VARIABLE = YES;
				IPHONEOS_DEPLOYMENT_TARGET = 10.0;
				LD_RUNPATH_SEARCH_PATHS = (
					/usr/lib/swift,
					"$(inherited)",
				);
				LIBRARY_SEARCH_PATHS = (
					"\"$(TOOLCHAIN_DIR)/usr/lib/swift/$(PLATFORM_NAME)\"",
					"\"$(TOOLCHAIN_DIR)/usr/lib/swift-5.0/$(PLATFORM_NAME)\"",
					"\"$(inherited)\"",
				);
				MTL_ENABLE_DEBUG_INFO = NO;
				SDKROOT = iphoneos;
				VALIDATE_PRODUCT = YES;
			};
			name = Release;
		};
/* End XCBuildConfiguration section */

/* Begin XCConfigurationList section */
		00E357021AD99517003FC87E /* Build configuration list for PBXNativeTarget "ReactNativeBasicTests" */ = {
			isa = XCConfigurationList;
			buildConfigurations = (
				00E356F61AD99517003FC87E /* Debug */,
				00E356F71AD99517003FC87E /* Release */,
			);
			defaultConfigurationIsVisible = 0;
			defaultConfigurationName = Release;
		};
		13B07F931A680F5B00A75B9A /* Build configuration list for PBXNativeTarget "ReactNativeBasic" */ = {
			isa = XCConfigurationList;
			buildConfigurations = (
				13B07F941A680F5B00A75B9A /* Debug */,
				13B07F951A680F5B00A75B9A /* Release */,
			);
			defaultConfigurationIsVisible = 0;
			defaultConfigurationName = Release;
		};
		83CBB9FA1A601CBA00E9B192 /* Build configuration list for PBXProject "ReactNativeBasic" */ = {
			isa = XCConfigurationList;
			buildConfigurations = (
				83CBBA201A601CBA00E9B192 /* Debug */,
				83CBBA211A601CBA00E9B192 /* Release */,
			);
			defaultConfigurationIsVisible = 0;
			defaultConfigurationName = Release;
		};
/* End XCConfigurationList section */
	};
	rootObject = 83CBB9F71A601CBA00E9B192 /* Project object */;
}
